
Microsoft Visual Studio Solution File, Format Version 12.00
# Visual Studio Version 16
VisualStudioVersion = 16.0.30330.147
MinimumVisualStudioVersion = 10.0.40219.1
Project("{9A19103F-16F7-4668-BE54-9A1E7A4F7556}") = "IconicFund.CaptchaProvider", "IconicFund.CaptchaProvider\IconicFund.CaptchaProvider.csproj", "{C38C5DE5-D0A7-46BC-97D4-BC4D2E539241}"
EndProject
Project("{9A19103F-16F7-4668-BE54-9A1E7A4F7556}") = "IconicFund.Context", "IconicFund.Context\IconicFund.Context.csproj", "{49929594-CF68-4EE2-8B78-18247BEDC332}"
EndProject
Project("{9A19103F-16F7-4668-BE54-9A1E7A4F7556}") = "IconicFund.Helpers", "IconicFund.Helpers\IconicFund.Helpers.csproj", "{76902BA4-70BE-47FA-A21C-F71A29CEDDF4}"
EndProject
Project("{9A19103F-16F7-4668-BE54-9A1E7A4F7556}") = "IconicFund.Models", "IconicFund.Models\IconicFund.Models.csproj", "{6923543D-47B0-43EB-B78F-78F144FD00F8}"
EndProject
Global
	GlobalSection(SolutionConfigurationPlatforms) = preSolution
		Debug|Any CPU = Debug|Any CPU
		Release|Any CPU = Release|Any CPU
	EndGlobalSection
	GlobalSection(ProjectConfigurationPlatforms) = postSolution
		{C38C5DE5-D0A7-46BC-97D4-BC4D2E539241}.Debug|Any CPU.ActiveCfg = Debug|Any CPU
		{C38C5DE5-D0A7-46BC-97D4-BC4D2E539241}.Debug|Any CPU.Build.0 = Debug|Any CPU
		{C38C5DE5-D0A7-46BC-97D4-BC4D2E539241}.Release|Any CPU.ActiveCfg = Release|Any CPU
		{C38C5DE5-D0A7-46BC-97D4-BC4D2E539241}.Release|Any CPU.Build.0 = Release|Any CPU
		{49929594-CF68-4EE2-8B78-18247BEDC332}.Debug|Any CPU.ActiveCfg = Debug|Any CPU
		{49929594-CF68-4EE2-8B78-18247BEDC332}.Debug|Any CPU.Build.0 = Debug|Any CPU
		{49929594-CF68-4EE2-8B78-18247BEDC332}.Release|Any CPU.ActiveCfg = Release|Any CPU
		{49929594-CF68-4EE2-8B78-18247BEDC332}.Release|Any CPU.Build.0 = Release|Any CPU
		{76902BA4-70BE-47FA-A21C-F71A29CEDDF4}.Debug|Any CPU.ActiveCfg = Debug|Any CPU
		{76902BA4-70BE-47FA-A21C-F71A29CEDDF4}.Debug|Any CPU.Build.0 = Debug|Any CPU
		{76902BA4-70BE-47FA-A21C-F71A29CEDDF4}.Release|Any CPU.ActiveCfg = Release|Any CPU
		{76902BA4-70BE-47FA-A21C-F71A29CEDDF4}.Release|Any CPU.Build.0 = Release|Any CPU
		{6923543D-47B0-43EB-B78F-78F144FD00F8}.Debug|Any CPU.ActiveCfg = Debug|Any CPU
		{6923543D-47B0-43EB-B78F-78F144FD00F8}.Debug|Any CPU.Build.0 = Debug|Any CPU
		{6923543D-47B0-43EB-B78F-78F144FD00F8}.Release|Any CPU.ActiveCfg = Release|Any CPU
		{6923543D-47B0-43EB-B78F-78F144FD00F8}.Release|Any CPU.Build.0 = Release|Any CPU
	EndGlobalSection
	GlobalSection(SolutionProperties) = preSolution
		HideSolutionNode = FALSE
	EndGlobalSection
	GlobalSection(ExtensibilityGlobals) = postSolution
		SolutionGuid = {74A143F9-CBE2-4BBF-8380-73298BA07BCE}
	EndGlobalSection
EndGlobal
